
Microsoft Visual Studio Solution File, Format Version 11.00
# Visual Studio 2010
Project("{6141683F-8A12-4E36-9623-2EB02B2C2303}") = "SciGit-Setup", "SciGit-Setup.isproj", "{BED6EA6D-C04F-4AFC-99AC-412D9DABC89E}"
EndProject
Global
	GlobalSection(SolutionConfigurationPlatforms) = preSolution
		CD_ROM|Default = CD_ROM|Default
		DVD-5|Default = DVD-5|Default
		SingleImage|Default = SingleImage|Default
	EndGlobalSection
	GlobalSection(ProjectConfigurationPlatforms) = postSolution
		{BED6EA6D-C04F-4AFC-99AC-412D9DABC89E}.CD_ROM|Default.ActiveCfg = CD_ROM
		{BED6EA6D-C04F-4AFC-99AC-412D9DABC89E}.CD_ROM|Default.Build.0 = CD_ROM
		{BED6EA6D-C04F-4AFC-99AC-412D9DABC89E}.DVD-5|Default.ActiveCfg = DVD-5
		{BED6EA6D-C04F-4AFC-99AC-412D9DABC89E}.DVD-5|Default.Build.0 = DVD-5
		{BED6EA6D-C04F-4AFC-99AC-412D9DABC89E}.SingleImage|Default.ActiveCfg = SingleImage
		{BED6EA6D-C04F-4AFC-99AC-412D9DABC89E}.SingleImage|Default.Build.0 = SingleImage
	EndGlobalSection
	GlobalSection(SolutionProperties) = preSolution
		HideSolutionNode = FALSE
	EndGlobalSection
EndGlobal
