
Microsoft Visual Studio Solution File, Format Version 11.00
# Visual Studio 2010
Project("{6141683F-8A12-4E36-9623-2EB02B2C2303}") = "SciGit-Setup", "SciGit-Setup.isproj", "{1C5AFDA3-F6BF-4292-825F-5ED6BFBE0E21}"
EndProject
Global
	GlobalSection(SolutionConfigurationPlatforms) = preSolution
		CD_ROM|Default = CD_ROM|Default
		DVD-5|Default = DVD-5|Default
		SingleImage|Default = SingleImage|Default
	EndGlobalSection
	GlobalSection(ProjectConfigurationPlatforms) = postSolution
		{1C5AFDA3-F6BF-4292-825F-5ED6BFBE0E21}.CD_ROM|Default.ActiveCfg = CD_ROM
		{1C5AFDA3-F6BF-4292-825F-5ED6BFBE0E21}.CD_ROM|Default.Build.0 = CD_ROM
		{1C5AFDA3-F6BF-4292-825F-5ED6BFBE0E21}.DVD-5|Default.ActiveCfg = DVD-5
		{1C5AFDA3-F6BF-4292-825F-5ED6BFBE0E21}.DVD-5|Default.Build.0 = DVD-5
		{1C5AFDA3-F6BF-4292-825F-5ED6BFBE0E21}.SingleImage|Default.ActiveCfg = SingleImage
		{1C5AFDA3-F6BF-4292-825F-5ED6BFBE0E21}.SingleImage|Default.Build.0 = SingleImage
	EndGlobalSection
	GlobalSection(SolutionProperties) = preSolution
		HideSolutionNode = FALSE
	EndGlobalSection
EndGlobal
